
Microsoft Visual Studio Solution File, Format Version 12.00
# Visual Studio 15
VisualStudioVersion = 15.0.27004.2002
MinimumVisualStudioVersion = 10.0.40219.1
Project("{FAE04EC0-301F-11D3-BF4B-00C04F79EFBC}") = "Cwiczenie1", "Working_with_files_excercises\Cwiczenie1.csproj", "{5AFF75C1-8348-4B44-88E2-3645AEA1ADD0}"
EndProject
Project("{FAE04EC0-301F-11D3-BF4B-00C04F79EFBC}") = "Cwiczenie2", "Cwiczenie2\Cwiczenie2.csproj", "{F6EAAFFA-464F-4BEB-ADDF-F5B4404220A1}"
EndProject
Global
	GlobalSection(SolutionConfigurationPlatforms) = preSolution
		Debug|Any CPU = Debug|Any CPU
		Release|Any CPU = Release|Any CPU
	EndGlobalSection
	GlobalSection(ProjectConfigurationPlatforms) = postSolution
		{5AFF75C1-8348-4B44-88E2-3645AEA1ADD0}.Debug|Any CPU.ActiveCfg = Debug|Any CPU
		{5AFF75C1-8348-4B44-88E2-3645AEA1ADD0}.Debug|Any CPU.Build.0 = Debug|Any CPU
		{5AFF75C1-8348-4B44-88E2-3645AEA1ADD0}.Release|Any CPU.ActiveCfg = Release|Any CPU
		{5AFF75C1-8348-4B44-88E2-3645AEA1ADD0}.Release|Any CPU.Build.0 = Release|Any CPU
		{F6EAAFFA-464F-4BEB-ADDF-F5B4404220A1}.Debug|Any CPU.ActiveCfg = Debug|Any CPU
		{F6EAAFFA-464F-4BEB-ADDF-F5B4404220A1}.Debug|Any CPU.Build.0 = Debug|Any CPU
		{F6EAAFFA-464F-4BEB-ADDF-F5B4404220A1}.Release|Any CPU.ActiveCfg = Release|Any CPU
		{F6EAAFFA-464F-4BEB-ADDF-F5B4404220A1}.Release|Any CPU.Build.0 = Release|Any CPU
	EndGlobalSection
	GlobalSection(SolutionProperties) = preSolution
		HideSolutionNode = FALSE
	EndGlobalSection
	GlobalSection(ExtensibilityGlobals) = postSolution
		SolutionGuid = {0AEABB4F-7AD8-4BE6-AB3F-C9CC44EACBD2}
	EndGlobalSection
EndGlobal
